# This file is automatically @generated by Cargo.
# It is not intended for manual editing.
version = 4

[[package]]
name = "base58"
version = "0.2.0"
source = "registry+https://github.com/rust-lang/crates.io-index"
checksum = "6107fe1be6682a68940da878d9e9f5e90ca5745b3dec9fd1bb393c8777d4f581"

[[package]]
name = "bech32"
version = "0.9.1"
source = "registry+https://github.com/rust-lang/crates.io-index"
checksum = "d86b93f97252c47b41663388e6d155714a9d0c398b99f1005cbc5f978b29f445"

[[package]]
name = "cfg-if"
version = "1.0.4"
source = "registry+https://github.com/rust-lang/crates.io-index"
checksum = "9330f8b2ff13f34540b44e946ef35111825727b38d33286ef986142615121801"

[[package]]
name = "crunchy"
version = "0.2.4"
source = "registry+https://github.com/rust-lang/crates.io-index"
checksum = "460fbee9c2c2f33933d720630a6a0bac33ba7053db5344fac858d4b8952d77d5"

[[package]]
name = "cryptoxide"
version = "0.4.4"
source = "registry+https://github.com/rust-lang/crates.io-index"
checksum = "382ce8820a5bb815055d3553a610e8cb542b2d767bbacea99038afda96cd760d"

[[package]]
name = "equivalent"
version = "1.0.2"
source = "registry+https://github.com/rust-lang/crates.io-index"
checksum = "877a4ace8713b0bcf2a4e7eec82529c029f1d0619886d18145fea96c3ffe5c0f"

[[package]]
name = "half"
version = "2.7.1"
source = "registry+https://github.com/rust-lang/crates.io-index"
checksum = "6ea2d84b969582b4b1864a92dc5d27cd2b77b622a8d79306834f1be5ba20d84b"
dependencies = [
 "cfg-if",
 "crunchy",
 "zerocopy",
]

[[package]]
name = "hashbrown"
version = "0.16.1"
source = "registry+https://github.com/rust-lang/crates.io-index"
checksum = "841d1cc9bed7f9236f321df977030373f4a4163ae1a7dbfe1a51a2c1a51d9100"

[[package]]
name = "hex"
version = "0.4.3"
source = "registry+https://github.com/rust-lang/crates.io-index"
checksum = "7f24254aa9a54b5c858eaee2f5bccdb46aaf0e486a595ed5fd8f86ba55232a70"

[[package]]
name = "indexmap"
version = "2.12.1"
source = "registry+https://github.com/rust-lang/crates.io-index"
checksum = "0ad4bb2b565bca0645f4d68c5c9af97fba094e9791da685bf83cb5f3ce74acf2"
dependencies = [
 "equivalent",
 "hashbrown",
]

[[package]]
name = "itoa"
version = "1.0.17"
source = "registry+https://github.com/rust-lang/crates.io-index"
checksum = "92ecc6618181def0457392ccd0ee51198e065e016d1d527a7ac1b6dc7c1f09d2"

[[package]]
name = "log"
version = "0.4.29"
source = "registry+https://github.com/rust-lang/crates.io-index"
checksum = "5e5032e24019045c762d3c0f28f5b6b8bbf38563a65908389bf7978758920897"

[[package]]
name = "memchr"
version = "2.7.6"
source = "registry+https://github.com/rust-lang/crates.io-index"
checksum = "f52b00d39961fc5b2736ea853c9cc86238e165017a493d1d5c8eac6bdc4cc273"

[[package]]
name = "minicbor"
version = "0.25.1"
source = "registry+https://github.com/rust-lang/crates.io-index"
checksum = "c0452a60c1863c1f50b5f77cd295e8d2786849f35883f0b9e18e7e6e1b5691b0"
dependencies = [
 "half",
 "minicbor-derive 0.15.3",
]

[[package]]
name = "minicbor"
version = "0.26.5"
source = "registry+https://github.com/rust-lang/crates.io-index"
checksum = "8a309f581ade7597820083bc275075c4c6986e57e53f8d26f88507cfefc8c987"
dependencies = [
 "half",
 "minicbor-derive 0.16.2",
]

[[package]]
name = "minicbor-derive"
version = "0.15.3"
source = "registry+https://github.com/rust-lang/crates.io-index"
checksum = "bd2209fff77f705b00c737016a48e73733d7fbccb8b007194db148f03561fb70"
dependencies = [
 "proc-macro2",
 "quote",
 "syn 2.0.113",
]

[[package]]
name = "minicbor-derive"
version = "0.16.2"
source = "registry+https://github.com/rust-lang/crates.io-index"
checksum = "a9882ef5c56df184b8ffc107fc6c61e33ee3a654b021961d790a78571bb9d67a"
dependencies = [
 "proc-macro2",
 "quote",
 "syn 2.0.113",
]

[[package]]
name = "pallas-codec"
version = "0.32.1"
source = "registry+https://github.com/rust-lang/crates.io-index"
checksum = "e344b3e39ca3bd79bb7547b65b980869c3c377a00c48ece70430f4611c32a18b"
dependencies = [
 "hex",
 "minicbor 0.25.1",
 "serde",
 "thiserror 1.0.69",
]

[[package]]
name = "pallas-codec"
version = "0.33.0"
source = "registry+https://github.com/rust-lang/crates.io-index"
checksum = "8b2737b05f0dbb6d197feeb26ef15d2567e54833184bd469f5655a0537da89fa"
dependencies = [
 "hex",
 "minicbor 0.25.1",
 "serde",
 "thiserror 1.0.69",
]

[[package]]
name = "pallas-codec"
version = "0.34.0"
source = "registry+https://github.com/rust-lang/crates.io-index"
checksum = "8a73eb2a9b424239230a45e66f61a60b123e1cf50ca6da9bd1049e17b2b579ca"
dependencies = [
 "hex",
 "minicbor 0.25.1",
 "serde",
 "thiserror 1.0.69",
]

[[package]]
name = "pallas-codec"
version = "1.1.1"
source = "registry+https://github.com/rust-lang/crates.io-index"
checksum = "84f558ab7f9d4057aba59a3c8f18dcc06876d803dabced52c431b4ae5b137b2a"
dependencies = [
 "hex",
 "minicbor 0.26.5",
 "serde",
 "thiserror 2.0.19",
]

[[package]]
name = "pallas-crypto"
version = "0.32.1"
source = "registry+https://github.com/rust-lang/crates.io-index"
checksum = "59c89ea16190a87a1d8bd36923093740a2b659ed6129f4636329319a70cc4db3"
dependencies = [
 "cryptoxide",
 "hex",
 "pallas-codec 0.32.1",
 "rand_core 0.6.4",
 "serde",
 "thiserror 1.0.69",
 "zeroize",
]

[[package]]
name = "pallas-crypto"
version = "0.33.0"
source = "registry+https://github.com/rust-lang/crates.io-index"
checksum = "0368945cd093e550febe36aef085431b1611c2e9196297cd70f4b21a4add054c"
dependencies = [
 "cryptoxide",
 "hex",
 "pallas-codec 0.33.0",
 "rand_core 0.6.4",
 "serde",
 "thiserror 1.0.69",
 "zeroize",
]

[[package]]
name = "pallas-crypto"
version = "0.34.0"
source = "registry+https://github.com/rust-lang/crates.io-index"
checksum = "5f4c3dfc9286db9f1e54f35b2d8e7924dfdb17f480139ed2c113db6759578e48"
dependencies = [
 "cryptoxide",
 "hex",
 "pallas-codec 0.34.0",
 "rand_core 0.6.4",
 "serde",
 "thiserror 1.0.69",
 "zeroize",
]

[[package]]
name = "pallas-crypto"
version = "1.1.1"
source = "registry+https://github.com/rust-lang/crates.io-index"
checksum = "5abe09448466b168f50eb0beaae4e38a16e49bdfe6b2fba5748ea17a025b15b1"
dependencies = [
 "cryptoxide",
 "hex",
 "pallas-codec 1.1.1",
 "rand_core 0.10.1",
 "serde",
 "thiserror 2.0.19",
]

[[package]]
name = "pallas-primitives"
version = "0.32.1"
source = "registry+https://github.com/rust-lang/crates.io-index"
checksum = "1912f4f4a0719e36ac061f7f3557b687e8ef7285b573608fb5c71eba64c1b04c"
dependencies = [
 "base58",
 "bech32",
 "hex",
 "log",
 "pallas-codec 0.32.1",
 "pallas-crypto 0.32.1",
 "serde",
 "serde_json",
]

[[package]]
name = "pallas-primitives"
version = "0.33.0"
source = "registry+https://github.com/rust-lang/crates.io-index"
checksum = "cb2acde8875c43446194d387c60fe2d6a127e4f8384bef3dcabd5a04e9422429"
dependencies = [
 "base58",
 "bech32",
 "hex",
 "log",
 "pallas-codec 0.33.0",
 "pallas-crypto 0.33.0",
 "serde",
 "serde_json",
]

[[package]]
name = "pallas-primitives"
version = "0.34.0"
source = "registry+https://github.com/rust-lang/crates.io-index"
checksum = "b44e05db704a674d6a11a286d0ff8ac1fd22f4720b88b0deea5219ce46484d70"
dependencies = [
 "base58",
 "bech32",
 "hex",
 "log",
 "pallas-codec 0.34.0",
 "pallas-crypto 0.34.0",
 "serde",
 "serde_json",
]

[[package]]
name = "pallas-primitives"
version = "1.1.1"
source = "registry+https://github.com/rust-lang/crates.io-index"
checksum = "35c2b627b97f708bbb0252834e300d56b1ccea9c982c0e4189d1a414c1b53c18"
dependencies = [
 "hex",
 "pallas-codec 1.1.1",
 "pallas-crypto 1.1.1",
 "serde",
 "serde_json",
]

[[package]]
name = "plutus-parser"
version = "0.6.0"
dependencies = [
 "hex",
 "indexmap",
 "minicbor 0.25.1",
 "minicbor 0.26.5",
 "pallas-primitives 0.32.1",
 "pallas-primitives 0.33.0",
 "pallas-primitives 0.34.0",
 "pallas-primitives 1.1.1",
 "plutus-parser-derive",
 "thiserror 2.0.19",
]

[[package]]
name = "plutus-parser-derive"
version = "0.6.0"
dependencies = [
 "proc-macro2",
 "quote",
 "syn 3.0.3",
]

[[package]]
name = "plutus-parser-tests"
version = "0.1.0"
dependencies = [
 "hex",
 "plutus-parser",
]

[[package]]
name = "proc-macro2"
version = "1.0.105"
source = "registry+https://github.com/rust-lang/crates.io-index"
checksum = "535d180e0ecab6268a3e718bb9fd44db66bbbc256257165fc699dadf70d16fe7"
dependencies = [
 "unicode-ident",
]

[[package]]
name = "quote"
version = "1.0.43"
source = "registry+https://github.com/rust-lang/crates.io-index"
checksum = "dc74d9a594b72ae6656596548f56f667211f8a97b3d4c3d467150794690dc40a"
dependencies = [
 "proc-macro2",
]

[[package]]
name = "rand_core"
version = "0.6.4"
source = "registry+https://github.com/rust-lang/crates.io-index"
checksum = "ec0be4795e2f6a28069bec0b5ff3e2ac9bafc99e6a9a7dc3547996c5c816922c"

[[package]]
name = "rand_core"
version = "0.10.1"
source = "registry+https://github.com/rust-lang/crates.io-index"
checksum = "63b8176103e19a2643978565ca18b50549f6101881c443590420e4dc998a3c69"

[[package]]
name = "serde"
version = "1.0.228"
source = "registry+https://github.com/rust-lang/crates.io-index"
checksum = "9a8e94ea7f378bd32cbbd37198a4a91436180c5bb472411e48b5ec2e2124ae9e"
dependencies = [
 "serde_core",
 "serde_derive",
]

[[package]]
name = "serde_core"
version = "1.0.228"
source = "registry+https://github.com/rust-lang/crates.io-index"
checksum = "41d385c7d4ca58e59fc732af25c3983b67ac852c1a25000afe1175de458b67ad"
dependencies = [
 "serde_derive",
]

[[package]]
name = "serde_derive"
version = "1.0.228"
source = "registry+https://github.com/rust-lang/crates.io-index"
checksum = "d540f220d3187173da220f885ab66608367b6574e925011a9353e4badda91d79"
dependencies = [
 "proc-macro2",
 "quote",
 "syn 2.0.113",
]

[[package]]
name = "serde_json"
version = "1.0.149"
source = "registry+https://github.com/rust-lang/crates.io-index"
checksum = "83fc039473c5595ace860d8c4fafa220ff474b3fc6bfdb4293327f1a37e94d86"
dependencies = [
 "itoa",
 "memchr",
 "serde",
 "serde_core",
 "zmij",
]

[[package]]
name = "syn"
version = "2.0.113"
source = "registry+https://github.com/rust-lang/crates.io-index"
checksum = "678faa00651c9eb72dd2020cbdf275d92eccb2400d568e419efdd64838145cb4"
dependencies = [
 "proc-macro2",
 "quote",
 "unicode-ident",
]

[[package]]
name = "syn"
version = "3.0.3"
source = "registry+https://github.com/rust-lang/crates.io-index"
checksum = "53e9bae58849f64dfa4f5d5ae372c8341f7305f82a3868709269343628b659a3"
dependencies = [
 "proc-macro2",
 "quote",
 "unicode-ident",
]

[[package]]
name = "thiserror"
version = "1.0.69"
source = "registry+https://github.com/rust-lang/crates.io-index"
checksum = "b6aaf5339b578ea85b50e080feb250a3e8ae8cfcdff9a461c9ec2904bc923f52"
dependencies = [
 "thiserror-impl 1.0.69",
]

[[package]]
name = "thiserror"
version = "2.0.19"
source = "registry+https://github.com/rust-lang/crates.io-index"
checksum = "09a43598840e33d5b0331f38c5e30d13bb11c11210a4b58f0d9b18a5a5eefcd9"
dependencies = [
 "thiserror-impl 2.0.19",
]

[[package]]
name = "thiserror-impl"
version = "1.0.69"
source = "registry+https://github.com/rust-lang/crates.io-index"
checksum = "4fee6c4efc90059e10f81e6d42c60a18f76588c3d74cb83a0b242a2b6c7504c1"
dependencies = [
 "proc-macro2",
 "quote",
 "syn 2.0.113",
]

[[package]]
name = "thiserror-impl"
version = "2.0.19"
source = "registry+https://github.com/rust-lang/crates.io-index"
checksum = "43cbfe0cf76104d42a574802844187e84a305e531ed54455f11fbde0f10541cd"
dependencies = [
 "proc-macro2",
 "quote",
 "syn 3.0.3",
]

[[package]]
name = "unicode-ident"
version = "1.0.22"
source = "registry+https://github.com/rust-lang/crates.io-index"
checksum = "9312f7c4f6ff9069b165498234ce8be658059c6728633667c526e27dc2cf1df5"

[[package]]
name = "zerocopy"
version = "0.8.31"
source = "registry+https://github.com/rust-lang/crates.io-index"
checksum = "fd74ec98b9250adb3ca554bdde269adf631549f51d8a8f8f0a10b50f1cb298c3"
dependencies = [
 "zerocopy-derive",
]

[[package]]
name = "zerocopy-derive"
version = "0.8.31"
source = "registry+https://github.com/rust-lang/crates.io-index"
checksum = "d8a8d209fdf45cf5138cbb5a506f6b52522a25afccc534d1475dad8e31105c6a"
dependencies = [
 "proc-macro2",
 "quote",
 "syn 2.0.113",
]

[[package]]
name = "zeroize"
version = "1.8.2"
source = "registry+https://github.com/rust-lang/crates.io-index"
checksum = "b97154e67e32c85465826e8bcc1c59429aaaf107c1e4a9e53c8d8ccd5eff88d0"

[[package]]
name = "zmij"
version = "1.0.12"
source = "registry+https://github.com/rust-lang/crates.io-index"
checksum = "2fc5a66a20078bf1251bde995aa2fdcc4b800c70b5d92dd2c62abc5c60f679f8"
