# This file is automatically @generated by Cargo.
# It is not intended for manual editing.
version = 4

[[package]]
name = "base58"
version = "0.2.0"
source = "registry+https://github.com/rust-lang/crates.io-index"
checksum = "6107fe1be6682a68940da878d9e9f5e90ca5745b3dec9fd1bb393c8777d4f581"

[[package]]
name = "bech32"
version = "0.9.1"
source = "registry+https://github.com/rust-lang/crates.io-index"
checksum = "d86b93f97252c47b41663388e6d155714a9d0c398b99f1005cbc5f978b29f445"

[[package]]
name = "cfg-if"
version = "1.0.0"
source = "registry+https://github.com/rust-lang/crates.io-index"
checksum = "baf1de4339761588bc0619e3cbc0120ee582ebb74b53b4efbf79117bd2da40fd"

[[package]]
name = "crunchy"
version = "0.2.3"
source = "registry+https://github.com/rust-lang/crates.io-index"
checksum = "43da5946c66ffcc7745f48db692ffbb10a83bfe0afd96235c5c2a4fb23994929"

[[package]]
name = "cryptoxide"
version = "0.4.4"
source = "registry+https://github.com/rust-lang/crates.io-index"
checksum = "382ce8820a5bb815055d3553a610e8cb542b2d767bbacea99038afda96cd760d"

[[package]]
name = "equivalent"
version = "1.0.2"
source = "registry+https://github.com/rust-lang/crates.io-index"
checksum = "877a4ace8713b0bcf2a4e7eec82529c029f1d0619886d18145fea96c3ffe5c0f"

[[package]]
name = "half"
version = "2.6.0"
source = "registry+https://github.com/rust-lang/crates.io-index"
checksum = "459196ed295495a68f7d7fe1d84f6c4b7ff0e21fe3017b2f283c6fac3ad803c9"
dependencies = [
 "cfg-if",
 "crunchy",
]

[[package]]
name = "hashbrown"
version = "0.15.3"
source = "registry+https://github.com/rust-lang/crates.io-index"
checksum = "84b26c544d002229e640969970a2e74021aadf6e2f96372b9c58eff97de08eb3"

[[package]]
name = "hex"
version = "0.4.3"
source = "registry+https://github.com/rust-lang/crates.io-index"
checksum = "7f24254aa9a54b5c858eaee2f5bccdb46aaf0e486a595ed5fd8f86ba55232a70"

[[package]]
name = "indexmap"
version = "2.9.0"
source = "registry+https://github.com/rust-lang/crates.io-index"
checksum = "cea70ddb795996207ad57735b50c5982d8844f38ba9ee5f1aedcfb708a2aa11e"
dependencies = [
 "equivalent",
 "hashbrown",
]

[[package]]
name = "itoa"
version = "1.0.15"
source = "registry+https://github.com/rust-lang/crates.io-index"
checksum = "4a5f13b858c8d314ee3e8f639011f7ccefe71f97f96e50151fb991f267928e2c"

[[package]]
name = "log"
version = "0.4.27"
source = "registry+https://github.com/rust-lang/crates.io-index"
checksum = "13dc2df351e3202783a1fe0d44375f7295ffb4049267b0f3018346dc122a1d94"

[[package]]
name = "memchr"
version = "2.7.4"
source = "registry+https://github.com/rust-lang/crates.io-index"
checksum = "78ca9ab1a0babb1e7d5695e3530886289c18cf2f87ec19a575a0abdce112e3a3"

[[package]]
name = "minicbor"
version = "0.25.1"
source = "registry+https://github.com/rust-lang/crates.io-index"
checksum = "c0452a60c1863c1f50b5f77cd295e8d2786849f35883f0b9e18e7e6e1b5691b0"
dependencies = [
 "half",
 "minicbor-derive 0.15.3",
]

[[package]]
name = "minicbor"
version = "0.26.5"
source = "registry+https://github.com/rust-lang/crates.io-index"
checksum = "8a309f581ade7597820083bc275075c4c6986e57e53f8d26f88507cfefc8c987"
dependencies = [
 "half",
 "minicbor-derive 0.16.2",
]

[[package]]
name = "minicbor-derive"
version = "0.15.3"
source = "registry+https://github.com/rust-lang/crates.io-index"
checksum = "bd2209fff77f705b00c737016a48e73733d7fbccb8b007194db148f03561fb70"
dependencies = [
 "proc-macro2",
 "quote",
 "syn",
]

[[package]]
name = "minicbor-derive"
version = "0.16.2"
source = "registry+https://github.com/rust-lang/crates.io-index"
checksum = "a9882ef5c56df184b8ffc107fc6c61e33ee3a654b021961d790a78571bb9d67a"
dependencies = [
 "proc-macro2",
 "quote",
 "syn",
]

[[package]]
name = "pallas-codec"
version = "0.32.1"
source = "registry+https://github.com/rust-lang/crates.io-index"
checksum = "e344b3e39ca3bd79bb7547b65b980869c3c377a00c48ece70430f4611c32a18b"
dependencies = [
 "hex",
 "minicbor 0.25.1",
 "serde",
 "thiserror 1.0.69",
]

[[package]]
name = "pallas-codec"
version = "0.33.0"
source = "registry+https://github.com/rust-lang/crates.io-index"
checksum = "8b2737b05f0dbb6d197feeb26ef15d2567e54833184bd469f5655a0537da89fa"
dependencies = [
 "hex",
 "minicbor 0.25.1",
 "serde",
 "thiserror 1.0.69",
]

[[package]]
name = "pallas-codec"
version = "1.0.0-alpha.3"
source = "registry+https://github.com/rust-lang/crates.io-index"
checksum = "3bbc692a7682eea0f17f02b2018ba41a8c18868d3d12d517d8f10bc4950082c4"
dependencies = [
 "hex",
 "minicbor 0.26.5",
 "serde",
 "thiserror 1.0.69",
]

[[package]]
name = "pallas-crypto"
version = "0.32.1"
source = "registry+https://github.com/rust-lang/crates.io-index"
checksum = "59c89ea16190a87a1d8bd36923093740a2b659ed6129f4636329319a70cc4db3"
dependencies = [
 "cryptoxide",
 "hex",
 "pallas-codec 0.32.1",
 "rand_core 0.6.4",
 "serde",
 "thiserror 1.0.69",
 "zeroize",
]

[[package]]
name = "pallas-crypto"
version = "0.33.0"
source = "registry+https://github.com/rust-lang/crates.io-index"
checksum = "0368945cd093e550febe36aef085431b1611c2e9196297cd70f4b21a4add054c"
dependencies = [
 "cryptoxide",
 "hex",
 "pallas-codec 0.33.0",
 "rand_core 0.6.4",
 "serde",
 "thiserror 1.0.69",
 "zeroize",
]

[[package]]
name = "pallas-crypto"
version = "1.0.0-alpha.3"
source = "registry+https://github.com/rust-lang/crates.io-index"
checksum = "208477993383d858172e19fadb2fec1aee44add3bf900fc30a423a0bd9d4e9da"
dependencies = [
 "cryptoxide",
 "hex",
 "pallas-codec 1.0.0-alpha.3",
 "rand_core 0.9.3",
 "serde",
 "thiserror 1.0.69",
]

[[package]]
name = "pallas-primitives"
version = "0.32.1"
source = "registry+https://github.com/rust-lang/crates.io-index"
checksum = "1912f4f4a0719e36ac061f7f3557b687e8ef7285b573608fb5c71eba64c1b04c"
dependencies = [
 "base58",
 "bech32",
 "hex",
 "log",
 "pallas-codec 0.32.1",
 "pallas-crypto 0.32.1",
 "serde",
 "serde_json",
]

[[package]]
name = "pallas-primitives"
version = "0.33.0"
source = "registry+https://github.com/rust-lang/crates.io-index"
checksum = "cb2acde8875c43446194d387c60fe2d6a127e4f8384bef3dcabd5a04e9422429"
dependencies = [
 "base58",
 "bech32",
 "hex",
 "log",
 "pallas-codec 0.33.0",
 "pallas-crypto 0.33.0",
 "serde",
 "serde_json",
]

[[package]]
name = "pallas-primitives"
version = "1.0.0-alpha.3"
source = "registry+https://github.com/rust-lang/crates.io-index"
checksum = "9ff6dbd8610190f4f3cfee9def23dde7ad71bdd7fdf82165ebc703dd9ef2342c"
dependencies = [
 "hex",
 "pallas-codec 1.0.0-alpha.3",
 "pallas-crypto 1.0.0-alpha.3",
 "serde",
 "serde_json",
]

[[package]]
name = "plutus-parser"
version = "0.1.0"
dependencies = [
 "indexmap",
 "pallas-primitives 0.32.1",
 "pallas-primitives 0.33.0",
 "pallas-primitives 1.0.0-alpha.3",
 "plutus-parser-derive",
 "thiserror 2.0.12",
]

[[package]]
name = "plutus-parser-derive"
version = "0.1.0"
dependencies = [
 "proc-macro2",
 "quote",
 "syn",
]

[[package]]
name = "plutus-parser-tests"
version = "0.1.0"
dependencies = [
 "hex",
 "minicbor 0.25.1",
 "plutus-parser",
]

[[package]]
name = "proc-macro2"
version = "1.0.95"
source = "registry+https://github.com/rust-lang/crates.io-index"
checksum = "02b3e5e68a3a1a02aad3ec490a98007cbc13c37cbe84a3cd7b8e406d76e7f778"
dependencies = [
 "unicode-ident",
]

[[package]]
name = "quote"
version = "1.0.40"
source = "registry+https://github.com/rust-lang/crates.io-index"
checksum = "1885c039570dc00dcb4ff087a89e185fd56bae234ddc7f056a945bf36467248d"
dependencies = [
 "proc-macro2",
]

[[package]]
name = "rand_core"
version = "0.6.4"
source = "registry+https://github.com/rust-lang/crates.io-index"
checksum = "ec0be4795e2f6a28069bec0b5ff3e2ac9bafc99e6a9a7dc3547996c5c816922c"

[[package]]
name = "rand_core"
version = "0.9.3"
source = "registry+https://github.com/rust-lang/crates.io-index"
checksum = "99d9a13982dcf210057a8a78572b2217b667c3beacbf3a0d8b454f6f82837d38"

[[package]]
name = "ryu"
version = "1.0.20"
source = "registry+https://github.com/rust-lang/crates.io-index"
checksum = "28d3b2b1366ec20994f1fd18c3c594f05c5dd4bc44d8bb0c1c632c8d6829481f"

[[package]]
name = "serde"
version = "1.0.219"
source = "registry+https://github.com/rust-lang/crates.io-index"
checksum = "5f0e2c6ed6606019b4e29e69dbaba95b11854410e5347d525002456dbbb786b6"
dependencies = [
 "serde_derive",
]

[[package]]
name = "serde_derive"
version = "1.0.219"
source = "registry+https://github.com/rust-lang/crates.io-index"
checksum = "5b0276cf7f2c73365f7157c8123c21cd9a50fbbd844757af28ca1f5925fc2a00"
dependencies = [
 "proc-macro2",
 "quote",
 "syn",
]

[[package]]
name = "serde_json"
version = "1.0.140"
source = "registry+https://github.com/rust-lang/crates.io-index"
checksum = "20068b6e96dc6c9bd23e01df8827e6c7e1f2fddd43c21810382803c136b99373"
dependencies = [
 "itoa",
 "memchr",
 "ryu",
 "serde",
]

[[package]]
name = "syn"
version = "2.0.101"
source = "registry+https://github.com/rust-lang/crates.io-index"
checksum = "8ce2b7fc941b3a24138a0a7cf8e858bfc6a992e7978a068a5c760deb0ed43caf"
dependencies = [
 "proc-macro2",
 "quote",
 "unicode-ident",
]

[[package]]
name = "thiserror"
version = "1.0.69"
source = "registry+https://github.com/rust-lang/crates.io-index"
checksum = "b6aaf5339b578ea85b50e080feb250a3e8ae8cfcdff9a461c9ec2904bc923f52"
dependencies = [
 "thiserror-impl 1.0.69",
]

[[package]]
name = "thiserror"
version = "2.0.12"
source = "registry+https://github.com/rust-lang/crates.io-index"
checksum = "567b8a2dae586314f7be2a752ec7474332959c6460e02bde30d702a66d488708"
dependencies = [
 "thiserror-impl 2.0.12",
]

[[package]]
name = "thiserror-impl"
version = "1.0.69"
source = "registry+https://github.com/rust-lang/crates.io-index"
checksum = "4fee6c4efc90059e10f81e6d42c60a18f76588c3d74cb83a0b242a2b6c7504c1"
dependencies = [
 "proc-macro2",
 "quote",
 "syn",
]

[[package]]
name = "thiserror-impl"
version = "2.0.12"
source = "registry+https://github.com/rust-lang/crates.io-index"
checksum = "7f7cf42b4507d8ea322120659672cf1b9dbb93f8f2d4ecfd6e51350ff5b17a1d"
dependencies = [
 "proc-macro2",
 "quote",
 "syn",
]

[[package]]
name = "unicode-ident"
version = "1.0.18"
source = "registry+https://github.com/rust-lang/crates.io-index"
checksum = "5a5f39404a5da50712a4c1eecf25e90dd62b613502b7e925fd4e4d19b5c96512"

[[package]]
name = "zeroize"
version = "1.8.1"
source = "registry+https://github.com/rust-lang/crates.io-index"
checksum = "ced3678a2879b30306d323f4542626697a464a97c0a07c9aebf7ebca65cd4dde"
